
Microsoft Visual Studio Solution File, Format Version 12.00
# Visual Studio Version 16
VisualStudioVersion = 16.0.31009.304
MinimumVisualStudioVersion = 10.0.40219.1
Project("{FAE04EC0-301F-11D3-BF4B-00C04F79EFBC}") = "SampleWebApp", "SampleWebApp.csproj", "{50ADA17F-3CD5-442F-878A-EEC542FE88BD}"
EndProject
Global
	GlobalSection(SolutionConfigurationPlatforms) = preSolution
		Debug|Any CPU = Debug|Any CPU
		Release|Any CPU = Release|Any CPU
	EndGlobalSection
	GlobalSection(ProjectConfigurationPlatforms) = postSolution
		{50ADA17F-3CD5-442F-878A-EEC542FE88BD}.Debug|Any CPU.ActiveCfg = Debug|Any CPU
		{50ADA17F-3CD5-442F-878A-EEC542FE88BD}.Debug|Any CPU.Build.0 = Debug|Any CPU
		{50ADA17F-3CD5-442F-878A-EEC542FE88BD}.Release|Any CPU.ActiveCfg = Release|Any CPU
		{50ADA17F-3CD5-442F-878A-EEC542FE88BD}.Release|Any CPU.Build.0 = Release|Any CPU
	EndGlobalSection
	GlobalSection(SolutionProperties) = preSolution
		HideSolutionNode = FALSE
	EndGlobalSection
	GlobalSection(ExtensibilityGlobals) = postSolution
		SolutionGuid = {4F7F5C60-A8C9-41B0-884C-787F2B1C70DD}
	EndGlobalSection
EndGlobal
